// !$*UTF8*$!
{
	archiveVersion = 1;
	classes = {
	};
	objectVersion = 77;
	objects = {

/* Begin PBXContainerItemProxy section */
		3613513C2CABE3B9005A1D5F /* PBXContainerItemProxy */ = {
			isa = PBXContainerItemProxy;
			containerPortal = 361351232CABE3B7005A1D5F /* Project object */;
			proxyType = 1;
			remoteGlobalIDString = 3613512A2CABE3B7005A1D5F;
			remoteInfo = RockPaperScissor;
		};
		361351462CABE3B9005A1D5F /* PBXContainerItemProxy */ = {
			isa = PBXContainerItemProxy;
			containerPortal = 361351232CABE3B7005A1D5F /* Project object */;
			proxyType = 1;
			remoteGlobalIDString = 3613512A2CABE3B7005A1D5F;
			remoteInfo = RockPaperScissor;
		};
/* End PBXContainerItemProxy section */

/* Begin PBXFileReference section */
		3613512B2CABE3B7005A1D5F /* RockPaperScissor.app */ = {isa = PBXFileReference; explicitFileType = wrapper.application; includeInIndex = 0; path = RockPaperScissor.app; sourceTree = BUILT_PRODUCTS_DIR; };
		3613513B2CABE3B9005A1D5F /* RockPaperScissorTests.xctest */ = {isa = PBXFileReference; explicitFileType = wrapper.cfbundle; includeInIndex = 0; path = RockPaperScissorTests.xctest; sourceTree = BUILT_PRODUCTS_DIR; };
		361351452CABE3B9005A1D5F /* RockPaperScissorUITests.xctest */ = {isa = PBXFileReference; explicitFileType = wrapper.cfbundle; includeInIndex = 0; path = RockPaperScissorUITests.xctest; sourceTree = BUILT_PRODUCTS_DIR; };
/* End PBXFileReference section */

/* Begin PBXFileSystemSynchronizedRootGroup section */
		3613512D2CABE3B7005A1D5F /* RockPaperScissor */ = {
			isa = PBXFileSystemSynchronizedRootGroup;
			path = RockPaperScissor;
			sourceTree = "<group>";
		};
		3613513E2CABE3B9005A1D5F /* RockPaperScissorTests */ = {
			isa = PBXFileSystemSynchronizedRootGroup;
			path = RockPaperScissorTests;
			sourceTree = "<group>";
		};
		361351482CABE3B9005A1D5F /* RockPaperScissorUITests */ = {
			isa = PBXFileSystemSynchronizedRootGroup;
			path = RockPaperScissorUITests;
			sourceTree = "<group>";
		};
/* End PBXFileSystemSynchronizedRootGroup section */

/* Begin PBXFrameworksBuildPhase section */
		361351282CABE3B7005A1D5F /* Frameworks */ = {
			isa = PBXFrameworksBuildPhase;
			buildActionMask = 2147483647;
			files = (
			);
			runOnlyForDeploymentPostprocessing = 0;
		};
		361351382CABE3B9005A1D5F /* Frameworks */ = {
			isa = PBXFrameworksBuildPhase;
			buildActionMask = 2147483647;
			files = (
			);
			runOnlyForDeploymentPostprocessing = 0;
		};
		361351422CABE3B9005A1D5F /* Frameworks */ = {
			isa = PBXFrameworksBuildPhase;
			buildActionMask = 2147483647;
			files = (
			);
			runOnlyForDeploymentPostprocessing = 0;
		};
/* End PBXFrameworksBuildPhase section */

/* Begin PBXGroup section */
		361351222CABE3B7005A1D5F = {
			isa = PBXGroup;
			children = (
				3613512D2CABE3B7005A1D5F /* RockPaperScissor */,
				3613513E2CABE3B9005A1D5F /* RockPaperScissorTests */,
				361351482CABE3B9005A1D5F /* RockPaperScissorUITests */,
				3613512C2CABE3B7005A1D5F /* Products */,
			);
			sourceTree = "<group>";
		};
		3613512C2CABE3B7005A1D5F /* Products */ = {
			isa = PBXGroup;
			children = (
				3613512B2CABE3B7005A1D5F /* RockPaperScissor.app */,
				3613513B2CABE3B9005A1D5F /* RockPaperScissorTests.xctest */,
				361351452CABE3B9005A1D5F /* RockPaperScissorUITests.xctest */,
			);
			name = Products;
			sourceTree = "<group>";
		};
/* End PBXGroup section */

/* Begin PBXNativeTarget section */
		3613512A2CABE3B7005A1D5F /* RockPaperScissor */ = {
			isa = PBXNativeTarget;
			buildConfigurationList = 3613514F2CABE3B9005A1D5F /* Build configuration list for PBXNativeTarget "RockPaperScissor" */;
			buildPhases = (
				361351272CABE3B7005A1D5F /* Sources */,
				361351282CABE3B7005A1D5F /* Frameworks */,
				361351292CABE3B7005A1D5F /* Resources */,
			);
			buildRules = (
			);
			dependencies = (
			);
			fileSystemSynchronizedGroups = (
				3613512D2CABE3B7005A1D5F /* RockPaperScissor */,
			);
			name = RockPaperScissor;
			packageProductDependencies = (
			);
			productName = RockPaperScissor;
			productReference = 3613512B2CABE3B7005A1D5F /* RockPaperScissor.app */;
			productType = "com.apple.product-type.application";
		};
		3613513A2CABE3B9005A1D5F /* RockPaperScissorTests */ = {
			isa = PBXNativeTarget;
			buildConfigurationList = 361351522CABE3B9005A1D5F /* Build configuration list for PBXNativeTarget "RockPaperScissorTests" */;
			buildPhases = (
				361351372CABE3B9005A1D5F /* Sources */,
				361351382CABE3B9005A1D5F /* Frameworks */,
				361351392CABE3B9005A1D5F /* Resources */,
			);
			buildRules = (
			);
			dependencies = (
				3613513D2CABE3B9005A1D5F /* PBXTargetDependency */,
			);
			fileSystemSynchronizedGroups = (
				3613513E2CABE3B9005A1D5F /* RockPaperScissorTests */,
			);
			name = RockPaperScissorTests;
			packageProductDependencies = (
			);
			productName = RockPaperScissorTests;
			productReference = 3613513B2CABE3B9005A1D5F /* RockPaperScissorTests.xctest */;
			productType = "com.apple.product-type.bundle.unit-test";
		};
		361351442CABE3B9005A1D5F /* RockPaperScissorUITests */ = {
			isa = PBXNativeTarget;
			buildConfigurationList = 361351552CABE3B9005A1D5F /* Build configuration list for PBXNativeTarget "RockPaperScissorUITests" */;
			buildPhases = (
				361351412CABE3B9005A1D5F /* Sources */,
				361351422CABE3B9005A1D5F /* Frameworks */,
				361351432CABE3B9005A1D5F /* Resources */,
			);
			buildRules = (
			);
			dependencies = (
				361351472CABE3B9005A1D5F /* PBXTargetDependency */,
			);
			fileSystemSynchronizedGroups = (
				361351482CABE3B9005A1D5F /* RockPaperScissorUITests */,
			);
			name = RockPaperScissorUITests;
			packageProductDependencies = (
			);
			productName = RockPaperScissorUITests;
			productReference = 361351452CABE3B9005A1D5F /* RockPaperScissorUITests.xctest */;
			productType = "com.apple.product-type.bundle.ui-testing";
		};
/* End PBXNativeTarget section */

/* Begin PBXProject section */
		361351232CABE3B7005A1D5F /* Project object */ = {
			isa = PBXProject;
			attributes = {
				BuildIndependentTargetsInParallel = 1;
				LastSwiftUpdateCheck = 1600;
				LastUpgradeCheck = 1600;
				TargetAttributes = {
					3613512A2CABE3B7005A1D5F = {
						CreatedOnToolsVersion = 16.0;
					};
					3613513A2CABE3B9005A1D5F = {
						CreatedOnToolsVersion = 16.0;
						TestTargetID = 3613512A2CABE3B7005A1D5F;
					};
					361351442CABE3B9005A1D5F = {
						CreatedOnToolsVersion = 16.0;
						TestTargetID = 3613512A2CABE3B7005A1D5F;
					};
				};
			};
			buildConfigurationList = 361351262CABE3B7005A1D5F /* Build configuration list for PBXProject "RockPaperScissor" */;
			developmentRegion = en;
			hasScannedForEncodings = 0;
			knownRegions = (
				en,
				Base,
			);
			mainGroup = 361351222CABE3B7005A1D5F;
			minimizedProjectReferenceProxies = 1;
			preferredProjectObjectVersion = 77;
			productRefGroup = 3613512C2CABE3B7005A1D5F /* Products */;
			projectDirPath = "";
			projectRoot = "";
			targets = (
				3613512A2CABE3B7005A1D5F /* RockPaperScissor */,
				3613513A2CABE3B9005A1D5F /* RockPaperScissorTests */,
				361351442CABE3B9005A1D5F /* RockPaperScissorUITests */,
			);
		};
/* End PBXProject section */

/* Begin PBXResourcesBuildPhase section */
		361351292CABE3B7005A1D5F /* Resources */ = {
			isa = PBXResourcesBuildPhase;
			buildActionMask = 2147483647;
			files = (
			);
			runOnlyForDeploymentPostprocessing = 0;
		};
		361351392CABE3B9005A1D5F /* Resources */ = {
			isa = PBXResourcesBuildPhase;
			buildActionMask = 2147483647;
			files = (
			);
			runOnlyForDeploymentPostprocessing = 0;
		};
		361351432CABE3B9005A1D5F /* Resources */ = {
			isa = PBXResourcesBuildPhase;
			buildActionMask = 2147483647;
			files = (
			);
			runOnlyForDeploymentPostprocessing = 0;
		};
/* End PBXResourcesBuildPhase section */

/* Begin PBXSourcesBuildPhase section */
		361351272CABE3B7005A1D5F /* Sources */ = {
			isa = PBXSourcesBuildPhase;
			buildActionMask = 2147483647;
			files = (
			);
			runOnlyForDeploymentPostprocessing = 0;
		};
		361351372CABE3B9005A1D5F /* Sources */ = {
			isa = PBXSourcesBuildPhase;
			buildActionMask = 2147483647;
			files = (
			);
			runOnlyForDeploymentPostprocessing = 0;
		};
		361351412CABE3B9005A1D5F /* Sources */ = {
			isa = PBXSourcesBuildPhase;
			buildActionMask = 2147483647;
			files = (
			);
			runOnlyForDeploymentPostprocessing = 0;
		};
/* End PBXSourcesBuildPhase section */

/* Begin PBXTargetDependency section */
		3613513D2CABE3B9005A1D5F /* PBXTargetDependency */ = {
			isa = PBXTargetDependency;
			target = 3613512A2CABE3B7005A1D5F /* RockPaperScissor */;
			targetProxy = 3613513C2CABE3B9005A1D5F /* PBXContainerItemProxy */;
		};
		361351472CABE3B9005A1D5F /* PBXTargetDependency */ = {
			isa = PBXTargetDependency;
			target = 3613512A2CABE3B7005A1D5F /* RockPaperScissor */;
			targetProxy = 361351462CABE3B9005A1D5F /* PBXContainerItemProxy */;
		};
/* End PBXTargetDependency section */

/* Begin XCBuildConfiguration section */
		3613514D2CABE3B9005A1D5F /* Debug */ = {
			isa = XCBuildConfiguration;
			buildSettings = {
				ALWAYS_SEARCH_USER_PATHS = NO;
				ASSETCATALOG_COMPILER_GENERATE_SWIFT_ASSET_SYMBOL_EXTENSIONS = YES;
				CLANG_ANALYZER_NONNULL = YES;
				CLANG_ANALYZER_NUMBER_OBJECT_CONVERSION = YES_AGGRESSIVE;
				CLANG_CXX_LANGUAGE_STANDARD = "gnu++20";
				CLANG_ENABLE_MODULES = YES;
				CLANG_ENABLE_OBJC_ARC = YES;
				CLANG_ENABLE_OBJC_WEAK = YES;
				CLANG_WARN_BLOCK_CAPTURE_AUTORELEASING = YES;
				CLANG_WARN_BOOL_CONVERSION = YES;
				CLANG_WARN_COMMA = YES;
				CLANG_WARN_CONSTANT_CONVERSION = YES;
				CLANG_WARN_DEPRECATED_OBJC_IMPLEMENTATIONS = YES;
				CLANG_WARN_DIRECT_OBJC_ISA_USAGE = YES_ERROR;
				CLANG_WARN_DOCUMENTATION_COMMENTS = YES;
				CLANG_WARN_EMPTY_BODY = YES;
				CLANG_WARN_ENUM_CONVERSION = YES;
				CLANG_WARN_INFINITE_RECURSION = YES;
				CLANG_WARN_INT_CONVERSION = YES;
				CLANG_WARN_NON_LITERAL_NULL_CONVERSION = YES;
				CLANG_WARN_OBJC_IMPLICIT_RETAIN_SELF = YES;
				CLANG_WARN_OBJC_LITERAL_CONVERSION = YES;
				CLANG_WARN_OBJC_ROOT_CLASS = YES_ERROR;
				CLANG_WARN_QUOTED_INCLUDE_IN_FRAMEWORK_HEADER = YES;
				CLANG_WARN_RANGE_LOOP_ANALYSIS = YES;
				CLANG_WARN_STRICT_PROTOTYPES = YES;
				CLANG_WARN_SUSPICIOUS_MOVE = YES;
				CLANG_WARN_UNGUARDED_AVAILABILITY = YES_AGGRESSIVE;
				CLANG_WARN_UNREACHABLE_CODE = YES;
				CLANG_WARN__DUPLICATE_METHOD_MATCH = YES;
				COPY_PHASE_STRIP = NO;
				DEBUG_INFORMATION_FORMAT = dwarf;
				ENABLE_STRICT_OBJC_MSGSEND = YES;
				ENABLE_TESTABILITY = YES;
				ENABLE_USER_SCRIPT_SANDBOXING = YES;
				GCC_C_LANGUAGE_STANDARD = gnu17;
				GCC_DYNAMIC_NO_PIC = NO;
				GCC_NO_COMMON_BLOCKS = YES;
				GCC_OPTIMIZATION_LEVEL = 0;
				GCC_PREPROCESSOR_DEFINITIONS = (
					"DEBUG=1",
					"$(inherited)",
				);
				GCC_WARN_64_TO_32_BIT_CONVERSION = YES;
				GCC_WARN_ABOUT_RETURN_TYPE = YES_ERROR;
				GCC_WARN_UNDECLARED_SELECTOR = YES;
				GCC_WARN_UNINITIALIZED_AUTOS = YES_AGGRESSIVE;
				GCC_WARN_UNUSED_FUNCTION = YES;
				GCC_WARN_UNUSED_VARIABLE = YES;
				IPHONEOS_DEPLOYMENT_TARGET = 18.0;
				LOCALIZATION_PREFERS_STRING_CATALOGS = YES;
				MTL_ENABLE_DEBUG_INFO = INCLUDE_SOURCE;
				MTL_FAST_MATH = YES;
				ONLY_ACTIVE_ARCH = YES;
				SDKROOT = iphoneos;
				SWIFT_ACTIVE_COMPILATION_CONDITIONS = "DEBUG $(inherited)";
				SWIFT_OPTIMIZATION_LEVEL = "-Onone";
			};
			name = Debug;
		};
		3613514E2CABE3B9005A1D5F /* Release */ = {
			isa = XCBuildConfiguration;
			buildSettings = {
				ALWAYS_SEARCH_USER_PATHS = NO;
				ASSETCATALOG_COMPILER_GENERATE_SWIFT_ASSET_SYMBOL_EXTENSIONS = YES;
				CLANG_ANALYZER_NONNULL = YES;
				CLANG_ANALYZER_NUMBER_OBJECT_CONVERSION = YES_AGGRESSIVE;
				CLANG_CXX_LANGUAGE_STANDARD = "gnu++20";
				CLANG_ENABLE_MODULES = YES;
				CLANG_ENABLE_OBJC_ARC = YES;
				CLANG_ENABLE_OBJC_WEAK = YES;
				CLANG_WARN_BLOCK_CAPTURE_AUTORELEASING = YES;
				CLANG_WARN_BOOL_CONVERSION = YES;
				CLANG_WARN_COMMA = YES;
				CLANG_WARN_CONSTANT_CONVERSION = YES;
				CLANG_WARN_DEPRECATED_OBJC_IMPLEMENTATIONS = YES;
				CLANG_WARN_DIRECT_OBJC_ISA_USAGE = YES_ERROR;
				CLANG_WARN_DOCUMENTATION_COMMENTS = YES;
				CLANG_WARN_EMPTY_BODY = YES;
				CLANG_WARN_ENUM_CONVERSION = YES;
				CLANG_WARN_INFINITE_RECURSION = YES;
				CLANG_WARN_INT_CONVERSION = YES;
				CLANG_WARN_NON_LITERAL_NULL_CONVERSION = YES;
				CLANG_WARN_OBJC_IMPLICIT_RETAIN_SELF = YES;
				CLANG_WARN_OBJC_LITERAL_CONVERSION = YES;
				CLANG_WARN_OBJC_ROOT_CLASS = YES_ERROR;
				CLANG_WARN_QUOTED_INCLUDE_IN_FRAMEWORK_HEADER = YES;
				CLANG_WARN_RANGE_LOOP_ANALYSIS = YES;
				CLANG_WARN_STRICT_PROTOTYPES = YES;
				CLANG_WARN_SUSPICIOUS_MOVE = YES;
				CLANG_WARN_UNGUARDED_AVAILABILITY = YES_AGGRESSIVE;
				CLANG_WARN_UNREACHABLE_CODE = YES;
				CLANG_WARN__DUPLICATE_METHOD_MATCH = YES;
				COPY_PHASE_STRIP = NO;
				DEBUG_INFORMATION_FORMAT = "dwarf-with-dsym";
				ENABLE_NS_ASSERTIONS = NO;
				ENABLE_STRICT_OBJC_MSGSEND = YES;
				ENABLE_USER_SCRIPT_SANDBOXING = YES;
				GCC_C_LANGUAGE_STANDARD = gnu17;
				GCC_NO_COMMON_BLOCKS = YES;
				GCC_WARN_64_TO_32_BIT_CONVERSION = YES;
				GCC_WARN_ABOUT_RETURN_TYPE = YES_ERROR;
				GCC_WARN_UNDECLARED_SELECTOR = YES;
				GCC_WARN_UNINITIALIZED_AUTOS = YES_AGGRESSIVE;
				GCC_WARN_UNUSED_FUNCTION = YES;
				GCC_WARN_UNUSED_VARIABLE = YES;
				IPHONEOS_DEPLOYMENT_TARGET = 18.0;
				LOCALIZATION_PREFERS_STRING_CATALOGS = YES;
				MTL_ENABLE_DEBUG_INFO = NO;
				MTL_FAST_MATH = YES;
				SDKROOT = iphoneos;
				SWIFT_COMPILATION_MODE = wholemodule;
				VALIDATE_PRODUCT = YES;
			};
			name = Release;
		};
		361351502CABE3B9005A1D5F /* Debug */ = {
			isa = XCBuildConfiguration;
			buildSettings = {
				ASSETCATALOG_COMPILER_APPICON_NAME = AppIcon;
				ASSETCATALOG_COMPILER_GLOBAL_ACCENT_COLOR_NAME = AccentColor;
				CODE_SIGN_STYLE = Automatic;
				CURRENT_PROJECT_VERSION = 1;
				DEVELOPMENT_ASSET_PATHS = "\"RockPaperScissor/Preview Content\"";
				DEVELOPMENT_TEAM = CBL8ZH68P7;
				ENABLE_PREVIEWS = YES;
				GENERATE_INFOPLIST_FILE = YES;
				INFOPLIST_KEY_UIApplicationSceneManifest_Generation = YES;
				INFOPLIST_KEY_UIApplicationSupportsIndirectInputEvents = YES;
				INFOPLIST_KEY_UILaunchScreen_Generation = YES;
				INFOPLIST_KEY_UISupportedInterfaceOrientations_iPad = "UIInterfaceOrientationPortrait UIInterfaceOrientationPortraitUpsideDown UIInterfaceOrientationLandscapeLeft UIInterfaceOrientationLandscapeRight";
				INFOPLIST_KEY_UISupportedInterfaceOrientations_iPhone = "UIInterfaceOrientationPortrait UIInterfaceOrientationLandscapeLeft UIInterfaceOrientationLandscapeRight";
				LD_RUNPATH_SEARCH_PATHS = (
					"$(inherited)",
					"@executable_path/Frameworks",
				);
				MARKETING_VERSION = 1.0;
				PRODUCT_BUNDLE_IDENTIFIER = com.headlost.RockPaperScissor;
				PRODUCT_NAME = "$(TARGET_NAME)";
				SWIFT_EMIT_LOC_STRINGS = YES;
				SWIFT_VERSION = 5.0;
				TARGETED_DEVICE_FAMILY = "1,2";
			};
			name = Debug;
		};
		361351512CABE3B9005A1D5F /* Release */ = {
			isa = XCBuildConfiguration;
			buildSettings = {
				ASSETCATALOG_COMPILER_APPICON_NAME = AppIcon;
				ASSETCATALOG_COMPILER_GLOBAL_ACCENT_COLOR_NAME = AccentColor;
				CODE_SIGN_STYLE = Automatic;
				CURRENT_PROJECT_VERSION = 1;
				DEVELOPMENT_ASSET_PATHS = "\"RockPaperScissor/Preview Content\"";
				DEVELOPMENT_TEAM = CBL8ZH68P7;
				ENABLE_PREVIEWS = YES;
				GENERATE_INFOPLIST_FILE = YES;
				INFOPLIST_KEY_UIApplicationSceneManifest_Generation = YES;
				INFOPLIST_KEY_UIApplicationSupportsIndirectInputEvents = YES;
				INFOPLIST_KEY_UILaunchScreen_Generation = YES;
				INFOPLIST_KEY_UISupportedInterfaceOrientations_iPad = "UIInterfaceOrientationPortrait UIInterfaceOrientationPortraitUpsideDown UIInterfaceOrientationLandscapeLeft UIInterfaceOrientationLandscapeRight";
				INFOPLIST_KEY_UISupportedInterfaceOrientations_iPhone = "UIInterfaceOrientationPortrait UIInterfaceOrientationLandscapeLeft UIInterfaceOrientationLandscapeRight";
				LD_RUNPATH_SEARCH_PATHS = (
					"$(inherited)",
					"@executable_path/Frameworks",
				);
				MARKETING_VERSION = 1.0;
				PRODUCT_BUNDLE_IDENTIFIER = com.headlost.RockPaperScissor;
				PRODUCT_NAME = "$(TARGET_NAME)";
				SWIFT_EMIT_LOC_STRINGS = YES;
				SWIFT_VERSION = 5.0;
				TARGETED_DEVICE_FAMILY = "1,2";
			};
			name = Release;
		};
		361351532CABE3B9005A1D5F /* Debug */ = {
			isa = XCBuildConfiguration;
			buildSettings = {
				BUNDLE_LOADER = "$(TEST_HOST)";
				CODE_SIGN_STYLE = Automatic;
				CURRENT_PROJECT_VERSION = 1;
				DEVELOPMENT_TEAM = CBL8ZH68P7;
				GENERATE_INFOPLIST_FILE = YES;
				IPHONEOS_DEPLOYMENT_TARGET = 18.0;
				MARKETING_VERSION = 1.0;
				PRODUCT_BUNDLE_IDENTIFIER = com.headlost.RockPaperScissorTests;
				PRODUCT_NAME = "$(TARGET_NAME)";
				SWIFT_EMIT_LOC_STRINGS = NO;
				SWIFT_VERSION = 5.0;
				TARGETED_DEVICE_FAMILY = "1,2";
				TEST_HOST = "$(BUILT_PRODUCTS_DIR)/RockPaperScissor.app/$(BUNDLE_EXECUTABLE_FOLDER_PATH)/RockPaperScissor";
			};
			name = Debug;
		};
		361351542CABE3B9005A1D5F /* Release */ = {
			isa = XCBuildConfiguration;
			buildSettings = {
				BUNDLE_LOADER = "$(TEST_HOST)";
				CODE_SIGN_STYLE = Automatic;
				CURRENT_PROJECT_VERSION = 1;
				DEVELOPMENT_TEAM = CBL8ZH68P7;
				GENERATE_INFOPLIST_FILE = YES;
				IPHONEOS_DEPLOYMENT_TARGET = 18.0;
				MARKETING_VERSION = 1.0;
				PRODUCT_BUNDLE_IDENTIFIER = com.headlost.RockPaperScissorTests;
				PRODUCT_NAME = "$(TARGET_NAME)";
				SWIFT_EMIT_LOC_STRINGS = NO;
				SWIFT_VERSION = 5.0;
				TARGETED_DEVICE_FAMILY = "1,2";
				TEST_HOST = "$(BUILT_PRODUCTS_DIR)/RockPaperScissor.app/$(BUNDLE_EXECUTABLE_FOLDER_PATH)/RockPaperScissor";
			};
			name = Release;
		};
		361351562CABE3B9005A1D5F /* Debug */ = {
			isa = XCBuildConfiguration;
			buildSettings = {
				CODE_SIGN_STYLE = Automatic;
				CURRENT_PROJECT_VERSION = 1;
				DEVELOPMENT_TEAM = CBL8ZH68P7;
				GENERATE_INFOPLIST_FILE = YES;
				MARKETING_VERSION = 1.0;
				PRODUCT_BUNDLE_IDENTIFIER = com.headlost.RockPaperScissorUITests;
				PRODUCT_NAME = "$(TARGET_NAME)";
				SWIFT_EMIT_LOC_STRINGS = NO;
				SWIFT_VERSION = 5.0;
				TARGETED_DEVICE_FAMILY = "1,2";
				TEST_TARGET_NAME = RockPaperScissor;
			};
			name = Debug;
		};
		361351572CABE3B9005A1D5F /* Release */ = {
			isa = XCBuildConfiguration;
			buildSettings = {
				CODE_SIGN_STYLE = Automatic;
				CURRENT_PROJECT_VERSION = 1;
				DEVELOPMENT_TEAM = CBL8ZH68P7;
				GENERATE_INFOPLIST_FILE = YES;
				MARKETING_VERSION = 1.0;
				PRODUCT_BUNDLE_IDENTIFIER = com.headlost.RockPaperScissorUITests;
				PRODUCT_NAME = "$(TARGET_NAME)";
				SWIFT_EMIT_LOC_STRINGS = NO;
				SWIFT_VERSION = 5.0;
				TARGETED_DEVICE_FAMILY = "1,2";
				TEST_TARGET_NAME = RockPaperScissor;
			};
			name = Release;
		};
/* End XCBuildConfiguration section */

/* Begin XCConfigurationList section */
		361351262CABE3B7005A1D5F /* Build configuration list for PBXProject "RockPaperScissor" */ = {
			isa = XCConfigurationList;
			buildConfigurations = (
				3613514D2CABE3B9005A1D5F /* Debug */,
				3613514E2CABE3B9005A1D5F /* Release */,
			);
			defaultConfigurationIsVisible = 0;
			defaultConfigurationName = Release;
		};
		3613514F2CABE3B9005A1D5F /* Build configuration list for PBXNativeTarget "RockPaperScissor" */ = {
			isa = XCConfigurationList;
			buildConfigurations = (
				361351502CABE3B9005A1D5F /* Debug */,
				361351512CABE3B9005A1D5F /* Release */,
			);
			defaultConfigurationIsVisible = 0;
			defaultConfigurationName = Release;
		};
		361351522CABE3B9005A1D5F /* Build configuration list for PBXNativeTarget "RockPaperScissorTests" */ = {
			isa = XCConfigurationList;
			buildConfigurations = (
				361351532CABE3B9005A1D5F /* Debug */,
				361351542CABE3B9005A1D5F /* Release */,
			);
			defaultConfigurationIsVisible = 0;
			defaultConfigurationName = Release;
		};
		361351552CABE3B9005A1D5F /* Build configuration list for PBXNativeTarget "RockPaperScissorUITests" */ = {
			isa = XCConfigurationList;
			buildConfigurations = (
				361351562CABE3B9005A1D5F /* Debug */,
				361351572CABE3B9005A1D5F /* Release */,
			);
			defaultConfigurationIsVisible = 0;
			defaultConfigurationName = Release;
		};
/* End XCConfigurationList section */
	};
	rootObject = 361351232CABE3B7005A1D5F /* Project object */;
}
